
Microsoft Visual Studio Solution File, Format Version 12.00
# Visual Studio Version 16
VisualStudioVersion = 16.0.32106.194
MinimumVisualStudioVersion = 10.0.40219.1
Project("{FAE04EC0-301F-11D3-BF4B-00C04F79EFBC}") = "ShadrinDemo", "ShadrinDemo\ShadrinDemo.csproj", "{3812D8E2-A371-4A39-BA05-456E32A4B593}"
EndProject
Global
	GlobalSection(SolutionConfigurationPlatforms) = preSolution
		Debug|Any CPU = Debug|Any CPU
		Release|Any CPU = Release|Any CPU
	EndGlobalSection
	GlobalSection(ProjectConfigurationPlatforms) = postSolution
		{3812D8E2-A371-4A39-BA05-456E32A4B593}.Debug|Any CPU.ActiveCfg = Debug|Any CPU
		{3812D8E2-A371-4A39-BA05-456E32A4B593}.Debug|Any CPU.Build.0 = Debug|Any CPU
		{3812D8E2-A371-4A39-BA05-456E32A4B593}.Release|Any CPU.ActiveCfg = Release|Any CPU
		{3812D8E2-A371-4A39-BA05-456E32A4B593}.Release|Any CPU.Build.0 = Release|Any CPU
	EndGlobalSection
	GlobalSection(SolutionProperties) = preSolution
		HideSolutionNode = FALSE
	EndGlobalSection
	GlobalSection(ExtensibilityGlobals) = postSolution
		SolutionGuid = {39ECFA02-A24C-4905-A5D4-DCB43D27F1AE}
	EndGlobalSection
EndGlobal
